
Microsoft Visual Studio Solution File, Format Version 12.00
# Visual Studio 15
VisualStudioVersion = 15.0.26124.0
MinimumVisualStudioVersion = 15.0.26124.0
Project("{2150E333-8FDC-42A3-9474-1A3956D46DE8}") = "src", "src", "{D04B7AE7-8052-4E5B-9701-DDB7EA229DF1}"
EndProject
Project("{FAE04EC0-301F-11D3-BF4B-00C04F79EFBC}") = "EkstaziSharp.Core", "src\EkstaziSharp.Core\EkstaziSharp.Core.csproj", "{9468ED45-FB62-4E76-A0CE-858F8B20A3FC}"
EndProject
Project("{FAE04EC0-301F-11D3-BF4B-00C04F79EFBC}") = "EkstaziSharp.DependencyMonitor", "src\EkstaziSharp.DependencyMonitor\EkstaziSharp.DependencyMonitor.csproj", "{4D8EA3F4-9675-49B0-A68A-DE2A3527F5CE}"
EndProject
Project("{FAE04EC0-301F-11D3-BF4B-00C04F79EFBC}") = "EkstaziSharp.Tester", "src\EkstaziSharp.Tester\EkstaziSharp.Tester.csproj", "{FAFFC36F-CC93-4385-9C75-B8D6BAAF1A0A}"
EndProject
Global
	GlobalSection(SolutionConfigurationPlatforms) = preSolution
		Debug|Any CPU = Debug|Any CPU
		Debug|x64 = Debug|x64
		Debug|x86 = Debug|x86
		Release|Any CPU = Release|Any CPU
		Release|x64 = Release|x64
		Release|x86 = Release|x86
	EndGlobalSection
	GlobalSection(SolutionProperties) = preSolution
		HideSolutionNode = FALSE
	EndGlobalSection
	GlobalSection(ProjectConfigurationPlatforms) = postSolution
		{9468ED45-FB62-4E76-A0CE-858F8B20A3FC}.Debug|Any CPU.ActiveCfg = Debug|Any CPU
		{9468ED45-FB62-4E76-A0CE-858F8B20A3FC}.Debug|Any CPU.Build.0 = Debug|Any CPU
		{9468ED45-FB62-4E76-A0CE-858F8B20A3FC}.Debug|x64.ActiveCfg = Debug|Any CPU
		{9468ED45-FB62-4E76-A0CE-858F8B20A3FC}.Debug|x64.Build.0 = Debug|Any CPU
		{9468ED45-FB62-4E76-A0CE-858F8B20A3FC}.Debug|x86.ActiveCfg = Debug|Any CPU
		{9468ED45-FB62-4E76-A0CE-858F8B20A3FC}.Debug|x86.Build.0 = Debug|Any CPU
		{9468ED45-FB62-4E76-A0CE-858F8B20A3FC}.Release|Any CPU.ActiveCfg = Release|Any CPU
		{9468ED45-FB62-4E76-A0CE-858F8B20A3FC}.Release|Any CPU.Build.0 = Release|Any CPU
		{9468ED45-FB62-4E76-A0CE-858F8B20A3FC}.Release|x64.ActiveCfg = Release|Any CPU
		{9468ED45-FB62-4E76-A0CE-858F8B20A3FC}.Release|x64.Build.0 = Release|Any CPU
		{9468ED45-FB62-4E76-A0CE-858F8B20A3FC}.Release|x86.ActiveCfg = Release|Any CPU
		{9468ED45-FB62-4E76-A0CE-858F8B20A3FC}.Release|x86.Build.0 = Release|Any CPU
		{4D8EA3F4-9675-49B0-A68A-DE2A3527F5CE}.Debug|Any CPU.ActiveCfg = Debug|Any CPU
		{4D8EA3F4-9675-49B0-A68A-DE2A3527F5CE}.Debug|Any CPU.Build.0 = Debug|Any CPU
		{4D8EA3F4-9675-49B0-A68A-DE2A3527F5CE}.Debug|x64.ActiveCfg = Debug|Any CPU
		{4D8EA3F4-9675-49B0-A68A-DE2A3527F5CE}.Debug|x64.Build.0 = Debug|Any CPU
		{4D8EA3F4-9675-49B0-A68A-DE2A3527F5CE}.Debug|x86.ActiveCfg = Debug|Any CPU
		{4D8EA3F4-9675-49B0-A68A-DE2A3527F5CE}.Debug|x86.Build.0 = Debug|Any CPU
		{4D8EA3F4-9675-49B0-A68A-DE2A3527F5CE}.Release|Any CPU.ActiveCfg = Release|Any CPU
		{4D8EA3F4-9675-49B0-A68A-DE2A3527F5CE}.Release|Any CPU.Build.0 = Release|Any CPU
		{4D8EA3F4-9675-49B0-A68A-DE2A3527F5CE}.Release|x64.ActiveCfg = Release|Any CPU
		{4D8EA3F4-9675-49B0-A68A-DE2A3527F5CE}.Release|x64.Build.0 = Release|Any CPU
		{4D8EA3F4-9675-49B0-A68A-DE2A3527F5CE}.Release|x86.ActiveCfg = Release|Any CPU
		{4D8EA3F4-9675-49B0-A68A-DE2A3527F5CE}.Release|x86.Build.0 = Release|Any CPU
		{FAFFC36F-CC93-4385-9C75-B8D6BAAF1A0A}.Debug|Any CPU.ActiveCfg = Debug|Any CPU
		{FAFFC36F-CC93-4385-9C75-B8D6BAAF1A0A}.Debug|Any CPU.Build.0 = Debug|Any CPU
		{FAFFC36F-CC93-4385-9C75-B8D6BAAF1A0A}.Debug|x64.ActiveCfg = Debug|Any CPU
		{FAFFC36F-CC93-4385-9C75-B8D6BAAF1A0A}.Debug|x64.Build.0 = Debug|Any CPU
		{FAFFC36F-CC93-4385-9C75-B8D6BAAF1A0A}.Debug|x86.ActiveCfg = Debug|Any CPU
		{FAFFC36F-CC93-4385-9C75-B8D6BAAF1A0A}.Debug|x86.Build.0 = Debug|Any CPU
		{FAFFC36F-CC93-4385-9C75-B8D6BAAF1A0A}.Release|Any CPU.ActiveCfg = Release|Any CPU
		{FAFFC36F-CC93-4385-9C75-B8D6BAAF1A0A}.Release|Any CPU.Build.0 = Release|Any CPU
		{FAFFC36F-CC93-4385-9C75-B8D6BAAF1A0A}.Release|x64.ActiveCfg = Release|Any CPU
		{FAFFC36F-CC93-4385-9C75-B8D6BAAF1A0A}.Release|x64.Build.0 = Release|Any CPU
		{FAFFC36F-CC93-4385-9C75-B8D6BAAF1A0A}.Release|x86.ActiveCfg = Release|Any CPU
		{FAFFC36F-CC93-4385-9C75-B8D6BAAF1A0A}.Release|x86.Build.0 = Release|Any CPU
	EndGlobalSection
	GlobalSection(NestedProjects) = preSolution
		{9468ED45-FB62-4E76-A0CE-858F8B20A3FC} = {D04B7AE7-8052-4E5B-9701-DDB7EA229DF1}
		{4D8EA3F4-9675-49B0-A68A-DE2A3527F5CE} = {D04B7AE7-8052-4E5B-9701-DDB7EA229DF1}
		{FAFFC36F-CC93-4385-9C75-B8D6BAAF1A0A} = {D04B7AE7-8052-4E5B-9701-DDB7EA229DF1}
	EndGlobalSection
EndGlobal
